// !$*UTF8*$!
{
	archiveVersion = 1;
	classes = {
	};
	objectVersion = 47;
	objects = {

/* Begin PBXBuildFile section */
		D8A90C451C004F5C00D7ECF8 /* Data in CopyFiles */ = {isa = PBXBuildFile; fileRef = D8A90C441C004F5C00D7ECF8 /* Data */; };
		D8B0CD171BFF97A000F06725 /* problem8.swift in Sources */ = {isa = PBXBuildFile; fileRef = D8B0CD161BFF97A000F06725 /* problem8.swift */; };
		D8B0CD191BFF97A600F06725 /* File.swift in Sources */ = {isa = PBXBuildFile; fileRef = D8B0CD181BFF97A600F06725 /* File.swift */; };
		D8B0CD1B1BFFA05C00F06725 /* problem9.swift in Sources */ = {isa = PBXBuildFile; fileRef = D8B0CD1A1BFFA05C00F06725 /* problem9.swift */; };
		D8B0CD1D1BFFA54B00F06725 /* problem10.swift in Sources */ = {isa = PBXBuildFile; fileRef = D8B0CD1C1BFFA54B00F06725 /* problem10.swift */; };
		D8CAD16D1BFC524800D37A0B /* main.swift in Sources */ = {isa = PBXBuildFile; fileRef = D8CAD16C1BFC524800D37A0B /* main.swift */; };
		D8CAD1751BFC527B00D37A0B /* problem1.swift in Sources */ = {isa = PBXBuildFile; fileRef = D8CAD1741BFC527B00D37A0B /* problem1.swift */; };
		D8CAD1771BFC548C00D37A0B /* problem2.swift in Sources */ = {isa = PBXBuildFile; fileRef = D8CAD1761BFC548C00D37A0B /* problem2.swift */; };
		D8CAD1791BFC54D200D37A0B /* Fibonacci.swift in Sources */ = {isa = PBXBuildFile; fileRef = D8CAD1781BFC54D200D37A0B /* Fibonacci.swift */; };
		D8CAD17B1BFC61C300D37A0B /* Sequence.swift in Sources */ = {isa = PBXBuildFile; fileRef = D8CAD17A1BFC61C300D37A0B /* Sequence.swift */; };
		D8CAD17D1BFC66B100D37A0B /* Prime.swift in Sources */ = {isa = PBXBuildFile; fileRef = D8CAD17C1BFC66B100D37A0B /* Prime.swift */; };
		D8CAD17F1BFC6E1900D37A0B /* problem3.swift in Sources */ = {isa = PBXBuildFile; fileRef = D8CAD17E1BFC6E1900D37A0B /* problem3.swift */; };
		D8CAD1811BFCBA6100D37A0B /* problem4.swift in Sources */ = {isa = PBXBuildFile; fileRef = D8CAD1801BFCBA6100D37A0B /* problem4.swift */; };
		D8CAD1831BFDCE3F00D37A0B /* problem5.swift in Sources */ = {isa = PBXBuildFile; fileRef = D8CAD1821BFDCE3F00D37A0B /* problem5.swift */; };
		D8CAD1851BFDDDB300D37A0B /* problem6.swift in Sources */ = {isa = PBXBuildFile; fileRef = D8CAD1841BFDDDB300D37A0B /* problem6.swift */; };
		D8CAD1871BFDDED900D37A0B /* problem7.swift in Sources */ = {isa = PBXBuildFile; fileRef = D8CAD1861BFDDED900D37A0B /* problem7.swift */; };
/* End PBXBuildFile section */

/* Begin PBXCopyFilesBuildPhase section */
		D8CAD1671BFC524800D37A0B /* CopyFiles */ = {
			isa = PBXCopyFilesBuildPhase;
			buildActionMask = 12;
			dstPath = "";
			dstSubfolderSpec = 16;
			files = (
				D8A90C451C004F5C00D7ECF8 /* Data in CopyFiles */,
			);
			runOnlyForDeploymentPostprocessing = 0;
		};
/* End PBXCopyFilesBuildPhase section */

/* Begin PBXFileReference section */
		D8A90C441C004F5C00D7ECF8 /* Data */ = {isa = PBXFileReference; lastKnownFileType = folder; name = Data; path = EulerProject/Data; sourceTree = "<group>"; };
		D8B0CD141BFF973600F06725 /* data8.txt */ = {isa = PBXFileReference; fileEncoding = 4; lastKnownFileType = text; path = data8.txt; sourceTree = "<group>"; };
		D8B0CD161BFF97A000F06725 /* problem8.swift */ = {isa = PBXFileReference; fileEncoding = 4; lastKnownFileType = sourcecode.swift; path = problem8.swift; sourceTree = "<group>"; };
		D8B0CD181BFF97A600F06725 /* File.swift */ = {isa = PBXFileReference; fileEncoding = 4; lastKnownFileType = sourcecode.swift; path = File.swift; sourceTree = "<group>"; };
		D8B0CD1A1BFFA05C00F06725 /* problem9.swift */ = {isa = PBXFileReference; fileEncoding = 4; lastKnownFileType = sourcecode.swift; path = problem9.swift; sourceTree = "<group>"; };
		D8B0CD1C1BFFA54B00F06725 /* problem10.swift */ = {isa = PBXFileReference; fileEncoding = 4; lastKnownFileType = sourcecode.swift; path = problem10.swift; sourceTree = "<group>"; };
		D8CAD1691BFC524800D37A0B /* EulerProject */ = {isa = PBXFileReference; explicitFileType = "compiled.mach-o.executable"; includeInIndex = 0; path = EulerProject; sourceTree = BUILT_PRODUCTS_DIR; };
		D8CAD16C1BFC524800D37A0B /* main.swift */ = {isa = PBXFileReference; lastKnownFileType = sourcecode.swift; path = main.swift; sourceTree = "<group>"; };
		D8CAD1741BFC527B00D37A0B /* problem1.swift */ = {isa = PBXFileReference; fileEncoding = 4; lastKnownFileType = sourcecode.swift; path = problem1.swift; sourceTree = "<group>"; };
		D8CAD1761BFC548C00D37A0B /* problem2.swift */ = {isa = PBXFileReference; fileEncoding = 4; lastKnownFileType = sourcecode.swift; path = problem2.swift; sourceTree = "<group>"; };
		D8CAD1781BFC54D200D37A0B /* Fibonacci.swift */ = {isa = PBXFileReference; fileEncoding = 4; lastKnownFileType = sourcecode.swift; path = Fibonacci.swift; sourceTree = "<group>"; };
		D8CAD17A1BFC61C300D37A0B /* Sequence.swift */ = {isa = PBXFileReference; fileEncoding = 4; lastKnownFileType = sourcecode.swift; path = Sequence.swift; sourceTree = "<group>"; };
		D8CAD17C1BFC66B100D37A0B /* Prime.swift */ = {isa = PBXFileReference; fileEncoding = 4; lastKnownFileType = sourcecode.swift; path = Prime.swift; sourceTree = "<group>"; };
		D8CAD17E1BFC6E1900D37A0B /* problem3.swift */ = {isa = PBXFileReference; fileEncoding = 4; lastKnownFileType = sourcecode.swift; path = problem3.swift; sourceTree = "<group>"; };
		D8CAD1801BFCBA6100D37A0B /* problem4.swift */ = {isa = PBXFileReference; fileEncoding = 4; lastKnownFileType = sourcecode.swift; path = problem4.swift; sourceTree = "<group>"; };
		D8CAD1821BFDCE3F00D37A0B /* problem5.swift */ = {isa = PBXFileReference; fileEncoding = 4; lastKnownFileType = sourcecode.swift; path = problem5.swift; sourceTree = "<group>"; };
		D8CAD1841BFDDDB300D37A0B /* problem6.swift */ = {isa = PBXFileReference; fileEncoding = 4; lastKnownFileType = sourcecode.swift; path = problem6.swift; sourceTree = "<group>"; };
		D8CAD1861BFDDED900D37A0B /* problem7.swift */ = {isa = PBXFileReference; fileEncoding = 4; lastKnownFileType = sourcecode.swift; path = problem7.swift; sourceTree = "<group>"; };
/* End PBXFileReference section */

/* Begin PBXFrameworksBuildPhase section */
		D8CAD1661BFC524800D37A0B /* Frameworks */ = {
			isa = PBXFrameworksBuildPhase;
			buildActionMask = 2147483647;
			files = (
			);
			runOnlyForDeploymentPostprocessing = 0;
		};
/* End PBXFrameworksBuildPhase section */

/* Begin PBXGroup section */
		D8B0CD131BFF971000F06725 /* Data */ = {
			isa = PBXGroup;
			children = (
				D8B0CD141BFF973600F06725 /* data8.txt */,
			);
			name = Data;
			path = EulerProject/Data;
			sourceTree = SOURCE_ROOT;
		};
		D8CAD1601BFC524800D37A0B = {
			isa = PBXGroup;
			children = (
				D8A90C441C004F5C00D7ECF8 /* Data */,
				D8CAD16B1BFC524800D37A0B /* EulerProject */,
				D8CAD16A1BFC524800D37A0B /* Products */,
			);
			sourceTree = "<group>";
		};
		D8CAD16A1BFC524800D37A0B /* Products */ = {
			isa = PBXGroup;
			children = (
				D8CAD1691BFC524800D37A0B /* EulerProject */,
			);
			name = Products;
			sourceTree = "<group>";
		};
		D8CAD16B1BFC524800D37A0B /* EulerProject */ = {
			isa = PBXGroup;
			children = (
				D8B0CD131BFF971000F06725 /* Data */,
				D8CAD1731BFC526100D37A0B /* Problem 1-99 */,
				D8CAD16C1BFC524800D37A0B /* main.swift */,
				D8CAD1781BFC54D200D37A0B /* Fibonacci.swift */,
				D8CAD17A1BFC61C300D37A0B /* Sequence.swift */,
				D8CAD17C1BFC66B100D37A0B /* Prime.swift */,
				D8B0CD181BFF97A600F06725 /* File.swift */,
			);
			path = EulerProject;
			sourceTree = "<group>";
		};
		D8CAD1731BFC526100D37A0B /* Problem 1-99 */ = {
			isa = PBXGroup;
			children = (
				D8CAD1741BFC527B00D37A0B /* problem1.swift */,
				D8CAD1761BFC548C00D37A0B /* problem2.swift */,
				D8CAD17E1BFC6E1900D37A0B /* problem3.swift */,
				D8CAD1801BFCBA6100D37A0B /* problem4.swift */,
				D8CAD1821BFDCE3F00D37A0B /* problem5.swift */,
				D8CAD1841BFDDDB300D37A0B /* problem6.swift */,
				D8CAD1861BFDDED900D37A0B /* problem7.swift */,
				D8B0CD161BFF97A000F06725 /* problem8.swift */,
				D8B0CD1A1BFFA05C00F06725 /* problem9.swift */,
				D8B0CD1C1BFFA54B00F06725 /* problem10.swift */,
			);
			path = "Problem 1-99";
			sourceTree = "<group>";
		};
/* End PBXGroup section */

/* Begin PBXNativeTarget section */
		D8CAD1681BFC524800D37A0B /* EulerProject */ = {
			isa = PBXNativeTarget;
			buildConfigurationList = D8CAD1701BFC524800D37A0B /* Build configuration list for PBXNativeTarget "EulerProject" */;
			buildPhases = (
				D8CAD1651BFC524800D37A0B /* Sources */,
				D8CAD1661BFC524800D37A0B /* Frameworks */,
				D8CAD1671BFC524800D37A0B /* CopyFiles */,
			);
			buildRules = (
			);
			dependencies = (
			);
			name = EulerProject;
			productName = EulerProject;
			productReference = D8CAD1691BFC524800D37A0B /* EulerProject */;
			productType = "com.apple.product-type.tool";
		};
/* End PBXNativeTarget section */

/* Begin PBXProject section */
		D8CAD1611BFC524800D37A0B /* Project object */ = {
			isa = PBXProject;
			attributes = {
				LastSwiftUpdateCheck = 0710;
				LastUpgradeCheck = 0710;
				ORGANIZATIONNAME = YG;
				TargetAttributes = {
					D8CAD1681BFC524800D37A0B = {
						CreatedOnToolsVersion = 7.1.1;
					};
				};
			};
			buildConfigurationList = D8CAD1641BFC524800D37A0B /* Build configuration list for PBXProject "EulerProject" */;
			compatibilityVersion = "Xcode 6.3";
			developmentRegion = English;
			hasScannedForEncodings = 0;
			knownRegions = (
				en,
			);
			mainGroup = D8CAD1601BFC524800D37A0B;
			productRefGroup = D8CAD16A1BFC524800D37A0B /* Products */;
			projectDirPath = "";
			projectRoot = "";
			targets = (
				D8CAD1681BFC524800D37A0B /* EulerProject */,
			);
		};
/* End PBXProject section */

/* Begin PBXSourcesBuildPhase section */
		D8CAD1651BFC524800D37A0B /* Sources */ = {
			isa = PBXSourcesBuildPhase;
			buildActionMask = 2147483647;
			files = (
				D8CAD1791BFC54D200D37A0B /* Fibonacci.swift in Sources */,
				D8CAD17D1BFC66B100D37A0B /* Prime.swift in Sources */,
				D8B0CD171BFF97A000F06725 /* problem8.swift in Sources */,
				D8CAD16D1BFC524800D37A0B /* main.swift in Sources */,
				D8CAD1751BFC527B00D37A0B /* problem1.swift in Sources */,
				D8CAD17F1BFC6E1900D37A0B /* problem3.swift in Sources */,
				D8CAD17B1BFC61C300D37A0B /* Sequence.swift in Sources */,
				D8CAD1851BFDDDB300D37A0B /* problem6.swift in Sources */,
				D8CAD1811BFCBA6100D37A0B /* problem4.swift in Sources */,
				D8B0CD1B1BFFA05C00F06725 /* problem9.swift in Sources */,
				D8CAD1771BFC548C00D37A0B /* problem2.swift in Sources */,
				D8B0CD1D1BFFA54B00F06725 /* problem10.swift in Sources */,
				D8B0CD191BFF97A600F06725 /* File.swift in Sources */,
				D8CAD1831BFDCE3F00D37A0B /* problem5.swift in Sources */,
				D8CAD1871BFDDED900D37A0B /* problem7.swift in Sources */,
			);
			runOnlyForDeploymentPostprocessing = 0;
		};
/* End PBXSourcesBuildPhase section */

/* Begin XCBuildConfiguration section */
		D8CAD16E1BFC524800D37A0B /* Debug */ = {
			isa = XCBuildConfiguration;
			buildSettings = {
				ALWAYS_SEARCH_USER_PATHS = NO;
				CLANG_CXX_LANGUAGE_STANDARD = "gnu++0x";
				CLANG_CXX_LIBRARY = "libc++";
				CLANG_ENABLE_MODULES = YES;
				CLANG_ENABLE_OBJC_ARC = YES;
				CLANG_WARN_BOOL_CONVERSION = YES;
				CLANG_WARN_CONSTANT_CONVERSION = YES;
				CLANG_WARN_DIRECT_OBJC_ISA_USAGE = YES_ERROR;
				CLANG_WARN_EMPTY_BODY = YES;
				CLANG_WARN_ENUM_CONVERSION = YES;
				CLANG_WARN_INT_CONVERSION = YES;
				CLANG_WARN_OBJC_ROOT_CLASS = YES_ERROR;
				CLANG_WARN_UNREACHABLE_CODE = YES;
				CLANG_WARN__DUPLICATE_METHOD_MATCH = YES;
				CODE_SIGN_IDENTITY = "-";
				COPY_PHASE_STRIP = NO;
				DEBUG_INFORMATION_FORMAT = dwarf;
				ENABLE_STRICT_OBJC_MSGSEND = YES;
				ENABLE_TESTABILITY = YES;
				GCC_C_LANGUAGE_STANDARD = gnu99;
				GCC_DYNAMIC_NO_PIC = NO;
				GCC_NO_COMMON_BLOCKS = YES;
				GCC_OPTIMIZATION_LEVEL = 0;
				GCC_PREPROCESSOR_DEFINITIONS = (
					"DEBUG=1",
					"$(inherited)",
				);
				GCC_WARN_64_TO_32_BIT_CONVERSION = YES;
				GCC_WARN_ABOUT_RETURN_TYPE = YES_ERROR;
				GCC_WARN_UNDECLARED_SELECTOR = YES;
				GCC_WARN_UNINITIALIZED_AUTOS = YES_AGGRESSIVE;
				GCC_WARN_UNUSED_FUNCTION = YES;
				GCC_WARN_UNUSED_VARIABLE = YES;
				MACOSX_DEPLOYMENT_TARGET = 10.11;
				MTL_ENABLE_DEBUG_INFO = YES;
				ONLY_ACTIVE_ARCH = YES;
				SDKROOT = macosx;
				SWIFT_OPTIMIZATION_LEVEL = "-Onone";
			};
			name = Debug;
		};
		D8CAD16F1BFC524800D37A0B /* Release */ = {
			isa = XCBuildConfiguration;
			buildSettings = {
				ALWAYS_SEARCH_USER_PATHS = NO;
				CLANG_CXX_LANGUAGE_STANDARD = "gnu++0x";
				CLANG_CXX_LIBRARY = "libc++";
				CLANG_ENABLE_MODULES = YES;
				CLANG_ENABLE_OBJC_ARC = YES;
				CLANG_WARN_BOOL_CONVERSION = YES;
				CLANG_WARN_CONSTANT_CONVERSION = YES;
				CLANG_WARN_DIRECT_OBJC_ISA_USAGE = YES_ERROR;
				CLANG_WARN_EMPTY_BODY = YES;
				CLANG_WARN_ENUM_CONVERSION = YES;
				CLANG_WARN_INT_CONVERSION = YES;
				CLANG_WARN_OBJC_ROOT_CLASS = YES_ERROR;
				CLANG_WARN_UNREACHABLE_CODE = YES;
				CLANG_WARN__DUPLICATE_METHOD_MATCH = YES;
				CODE_SIGN_IDENTITY = "-";
				COPY_PHASE_STRIP = NO;
				DEBUG_INFORMATION_FORMAT = "dwarf-with-dsym";
				ENABLE_NS_ASSERTIONS = NO;
				ENABLE_STRICT_OBJC_MSGSEND = YES;
				GCC_C_LANGUAGE_STANDARD = gnu99;
				GCC_NO_COMMON_BLOCKS = YES;
				GCC_WARN_64_TO_32_BIT_CONVERSION = YES;
				GCC_WARN_ABOUT_RETURN_TYPE = YES_ERROR;
				GCC_WARN_UNDECLARED_SELECTOR = YES;
				GCC_WARN_UNINITIALIZED_AUTOS = YES_AGGRESSIVE;
				GCC_WARN_UNUSED_FUNCTION = YES;
				GCC_WARN_UNUSED_VARIABLE = YES;
				MACOSX_DEPLOYMENT_TARGET = 10.11;
				MTL_ENABLE_DEBUG_INFO = NO;
				SDKROOT = macosx;
			};
			name = Release;
		};
		D8CAD1711BFC524800D37A0B /* Debug */ = {
			isa = XCBuildConfiguration;
			buildSettings = {
				PRODUCT_NAME = "$(TARGET_NAME)";
			};
			name = Debug;
		};
		D8CAD1721BFC524800D37A0B /* Release */ = {
			isa = XCBuildConfiguration;
			buildSettings = {
				PRODUCT_NAME = "$(TARGET_NAME)";
			};
			name = Release;
		};
/* End XCBuildConfiguration section */

/* Begin XCConfigurationList section */
		D8CAD1641BFC524800D37A0B /* Build configuration list for PBXProject "EulerProject" */ = {
			isa = XCConfigurationList;
			buildConfigurations = (
				D8CAD16E1BFC524800D37A0B /* Debug */,
				D8CAD16F1BFC524800D37A0B /* Release */,
			);
			defaultConfigurationIsVisible = 0;
			defaultConfigurationName = Release;
		};
		D8CAD1701BFC524800D37A0B /* Build configuration list for PBXNativeTarget "EulerProject" */ = {
			isa = XCConfigurationList;
			buildConfigurations = (
				D8CAD1711BFC524800D37A0B /* Debug */,
				D8CAD1721BFC524800D37A0B /* Release */,
			);
			defaultConfigurationIsVisible = 0;
			defaultConfigurationName = Release;
		};
/* End XCConfigurationList section */
	};
	rootObject = D8CAD1611BFC524800D37A0B /* Project object */;
}
